PODS:
  - Capacitor (8.3.4):
    - CapacitorCordova
  - CapacitorApp (8.1.0):
    - Capacitor
  - CapacitorCommunityPrivacyScreen (8.0.0):
    - Capacitor
  - CapacitorCordova (8.3.4)
  - CapacitorDevice (8.0.2):
    - Capacitor
  - CapacitorFilesystem (8.1.2):
    - Capacitor
    - IONFilesystemLib (~> 1.1.1)
  - CapacitorPreferences (8.0.1):
    - Capacitor
  - CapacitorPushNotifications (8.1.1):
    - Capacitor
  - IONFilesystemLib (1.1.2)

DEPENDENCIES:
  - "Capacitor (from `node_modules/@capacitor/ios`)"
  - "CapacitorApp (from `node_modules/@capacitor/app`)"
  - "CapacitorCommunityPrivacyScreen (from `node_modules/@capacitor-community/privacy-screen`)"
  - "CapacitorCordova (from `node_modules/@capacitor/ios`)"
  - "CapacitorDevice (from `node_modules/@capacitor/device`)"
  - "CapacitorFilesystem (from `node_modules/@capacitor/filesystem`)"
  - "CapacitorPreferences (from `node_modules/@capacitor/preferences`)"
  - "CapacitorPushNotifications (from `node_modules/@capacitor/push-notifications`)"

SPEC REPOS:
  trunk:
    - IONFilesystemLib

EXTERNAL SOURCES:
  Capacitor:
    :path: "node_modules/@capacitor/ios"
  CapacitorApp:
    :path: "node_modules/@capacitor/app"
  CapacitorCommunityPrivacyScreen:
    :path: "node_modules/@capacitor-community/privacy-screen"
  CapacitorCordova:
    :path: "node_modules/@capacitor/ios"
  CapacitorDevice:
    :path: "node_modules/@capacitor/device"
  CapacitorFilesystem:
    :path: "node_modules/@capacitor/filesystem"
  CapacitorPreferences:
    :path: "node_modules/@capacitor/preferences"
  CapacitorPushNotifications:
    :path: "node_modules/@capacitor/push-notifications"

SPEC CHECKSUMS:
  Capacitor: d13cad5fa09155679672808cc4ca9fbc2997e1b4
  CapacitorApp: 449ffe26375e96f8aaaee625ac6e01e5c57c8650
  CapacitorCommunityPrivacyScreen: b8fac08dc5137fce228c3cd666fdd4bbbc7c615e
  CapacitorCordova: c07921bdcfec6f691bae22274446b4d606ebf6a4
  CapacitorDevice: 14cba6f88d1c3074cbf825fea977c8c526453ff8
  CapacitorFilesystem: 2db285a1ac6e475cc27cae2e1bea999000f9e2be
  CapacitorPreferences: cca2021f386efb75947c850334447d9ff22b14f1
  CapacitorPushNotifications: ec08d589c226a2c0db7c032ec1bf5b044ec85f8e
  IONFilesystemLib: 21a63377696b2d8fab5632ecfb7d2ac67bddb68a

PODFILE CHECKSUM: e45e9b418e03c12545cfde4067ef429ba69cdc9f

COCOAPODS: 1.16.2
